
Microsoft Visual Studio Solution File, Format Version 12.00
# Visual Studio Version 16
VisualStudioVersion = 16.0.31129.286
MinimumVisualStudioVersion = 10.0.40219.1
Project("{9A19103F-16F7-4668-BE54-9A1E7A4F7556}") = "APIProjekt.Models", "APIProjekt\APIProjekt.Models.csproj", "{49D86EAF-F5CC-421F-979C-10939B7C8FBA}"
EndProject
Project("{FAE04EC0-301F-11D3-BF4B-00C04F79EFBC}") = "Projekt.API", "Projekt.API\Projekt.API.csproj", "{041BD46E-809B-4E51-9905-CACC6E90ED3B}"
EndProject
Global
	GlobalSection(SolutionConfigurationPlatforms) = preSolution
		Debug|Any CPU = Debug|Any CPU
		Release|Any CPU = Release|Any CPU
	EndGlobalSection
	GlobalSection(ProjectConfigurationPlatforms) = postSolution
		{49D86EAF-F5CC-421F-979C-10939B7C8FBA}.Debug|Any CPU.ActiveCfg = Debug|Any CPU
		{49D86EAF-F5CC-421F-979C-10939B7C8FBA}.Debug|Any CPU.Build.0 = Debug|Any CPU
		{49D86EAF-F5CC-421F-979C-10939B7C8FBA}.Release|Any CPU.ActiveCfg = Release|Any CPU
		{49D86EAF-F5CC-421F-979C-10939B7C8FBA}.Release|Any CPU.Build.0 = Release|Any CPU
		{041BD46E-809B-4E51-9905-CACC6E90ED3B}.Debug|Any CPU.ActiveCfg = Debug|Any CPU
		{041BD46E-809B-4E51-9905-CACC6E90ED3B}.Debug|Any CPU.Build.0 = Debug|Any CPU
		{041BD46E-809B-4E51-9905-CACC6E90ED3B}.Release|Any CPU.ActiveCfg = Release|Any CPU
		{041BD46E-809B-4E51-9905-CACC6E90ED3B}.Release|Any CPU.Build.0 = Release|Any CPU
	EndGlobalSection
	GlobalSection(SolutionProperties) = preSolution
		HideSolutionNode = FALSE
	EndGlobalSection
	GlobalSection(ExtensibilityGlobals) = postSolution
		SolutionGuid = {CD0C2B72-FB1F-4D60-AC2D-8083D7C1D8E1}
	EndGlobalSection
EndGlobal
